
Microsoft Visual Studio Solution File, Format Version 12.00
# Visual Studio Version 16
VisualStudioVersion = 16.6.30114.105
MinimumVisualStudioVersion = 10.0.40219.1
Project("{FAE04EC0-301F-11D3-BF4B-00C04F79EFBC}") = "API", "API\API.csproj", "{BBC9080A-5999-4344-95ED-51983889DE50}"
EndProject
Project("{FAE04EC0-301F-11D3-BF4B-00C04F79EFBC}") = "Core", "Core\Core.csproj", "{5424AF05-9B63-41E6-9852-57DFEDFECD75}"
EndProject
Project("{FAE04EC0-301F-11D3-BF4B-00C04F79EFBC}") = "Infrastructure", "Infrastructure\Infrastructure.csproj", "{6FC14585-A781-4746-96E9-F3426C8FF31F}"
EndProject
Global
	GlobalSection(SolutionConfigurationPlatforms) = preSolution
		Debug|Any CPU = Debug|Any CPU
		Debug|x64 = Debug|x64
		Debug|x86 = Debug|x86
		Release|Any CPU = Release|Any CPU
		Release|x64 = Release|x64
		Release|x86 = Release|x86
	EndGlobalSection
	GlobalSection(SolutionProperties) = preSolution
		HideSolutionNode = FALSE
	EndGlobalSection
	GlobalSection(ProjectConfigurationPlatforms) = postSolution
		{BBC9080A-5999-4344-95ED-51983889DE50}.Debug|Any CPU.ActiveCfg = Debug|Any CPU
		{BBC9080A-5999-4344-95ED-51983889DE50}.Debug|Any CPU.Build.0 = Debug|Any CPU
		{BBC9080A-5999-4344-95ED-51983889DE50}.Debug|x64.ActiveCfg = Debug|Any CPU
		{BBC9080A-5999-4344-95ED-51983889DE50}.Debug|x64.Build.0 = Debug|Any CPU
		{BBC9080A-5999-4344-95ED-51983889DE50}.Debug|x86.ActiveCfg = Debug|Any CPU
		{BBC9080A-5999-4344-95ED-51983889DE50}.Debug|x86.Build.0 = Debug|Any CPU
		{BBC9080A-5999-4344-95ED-51983889DE50}.Release|Any CPU.ActiveCfg = Release|Any CPU
		{BBC9080A-5999-4344-95ED-51983889DE50}.Release|Any CPU.Build.0 = Release|Any CPU
		{BBC9080A-5999-4344-95ED-51983889DE50}.Release|x64.ActiveCfg = Release|Any CPU
		{BBC9080A-5999-4344-95ED-51983889DE50}.Release|x64.Build.0 = Release|Any CPU
		{BBC9080A-5999-4344-95ED-51983889DE50}.Release|x86.ActiveCfg = Release|Any CPU
		{BBC9080A-5999-4344-95ED-51983889DE50}.Release|x86.Build.0 = Release|Any CPU
		{5424AF05-9B63-41E6-9852-57DFEDFECD75}.Debug|Any CPU.ActiveCfg = Debug|Any CPU
		{5424AF05-9B63-41E6-9852-57DFEDFECD75}.Debug|Any CPU.Build.0 = Debug|Any CPU
		{5424AF05-9B63-41E6-9852-57DFEDFECD75}.Debug|x64.ActiveCfg = Debug|Any CPU
		{5424AF05-9B63-41E6-9852-57DFEDFECD75}.Debug|x64.Build.0 = Debug|Any CPU
		{5424AF05-9B63-41E6-9852-57DFEDFECD75}.Debug|x86.ActiveCfg = Debug|Any CPU
		{5424AF05-9B63-41E6-9852-57DFEDFECD75}.Debug|x86.Build.0 = Debug|Any CPU
		{5424AF05-9B63-41E6-9852-57DFEDFECD75}.Release|Any CPU.ActiveCfg = Release|Any CPU
		{5424AF05-9B63-41E6-9852-57DFEDFECD75}.Release|Any CPU.Build.0 = Release|Any CPU
		{5424AF05-9B63-41E6-9852-57DFEDFECD75}.Release|x64.ActiveCfg = Release|Any CPU
		{5424AF05-9B63-41E6-9852-57DFEDFECD75}.Release|x64.Build.0 = Release|Any CPU
		{5424AF05-9B63-41E6-9852-57DFEDFECD75}.Release|x86.ActiveCfg = Release|Any CPU
		{5424AF05-9B63-41E6-9852-57DFEDFECD75}.Release|x86.Build.0 = Release|Any CPU
		{6FC14585-A781-4746-96E9-F3426C8FF31F}.Debug|Any CPU.ActiveCfg = Debug|Any CPU
		{6FC14585-A781-4746-96E9-F3426C8FF31F}.Debug|Any CPU.Build.0 = Debug|Any CPU
		{6FC14585-A781-4746-96E9-F3426C8FF31F}.Debug|x64.ActiveCfg = Debug|Any CPU
		{6FC14585-A781-4746-96E9-F3426C8FF31F}.Debug|x64.Build.0 = Debug|Any CPU
		{6FC14585-A781-4746-96E9-F3426C8FF31F}.Debug|x86.ActiveCfg = Debug|Any CPU
		{6FC14585-A781-4746-96E9-F3426C8FF31F}.Debug|x86.Build.0 = Debug|Any CPU
		{6FC14585-A781-4746-96E9-F3426C8FF31F}.Release|Any CPU.ActiveCfg = Release|Any CPU
		{6FC14585-A781-4746-96E9-F3426C8FF31F}.Release|Any CPU.Build.0 = Release|Any CPU
		{6FC14585-A781-4746-96E9-F3426C8FF31F}.Release|x64.ActiveCfg = Release|Any CPU
		{6FC14585-A781-4746-96E9-F3426C8FF31F}.Release|x64.Build.0 = Release|Any CPU
		{6FC14585-A781-4746-96E9-F3426C8FF31F}.Release|x86.ActiveCfg = Release|Any CPU
		{6FC14585-A781-4746-96E9-F3426C8FF31F}.Release|x86.Build.0 = Release|Any CPU
	EndGlobalSection
EndGlobal
